
Microsoft Visual Studio Solution File, Format Version 12.00
# Visual Studio Version 16
VisualStudioVersion = 16.0.31005.135
MinimumVisualStudioVersion = 10.0.40219.1
Project("{9A19103F-16F7-4668-BE54-9A1E7A4F7556}") = "Reflectit.test", "Reflectit.test\Reflectit.test.csproj", "{9C423A82-BE20-47E2-B3B7-1BBF2C7632AA}"
EndProject
Project("{FAE04EC0-301F-11D3-BF4B-00C04F79EFBC}") = "GenericsANDTypeParametrs", "GenericsANDTypeParametrs\GenericsANDTypeParametrs.csproj", "{D0B7DB02-1015-412B-986F-31E309680FC2}"
EndProject
Global
	GlobalSection(SolutionConfigurationPlatforms) = preSolution
		Debug|Any CPU = Debug|Any CPU
		Release|Any CPU = Release|Any CPU
	EndGlobalSection
	GlobalSection(ProjectConfigurationPlatforms) = postSolution
		{9C423A82-BE20-47E2-B3B7-1BBF2C7632AA}.Debug|Any CPU.ActiveCfg = Debug|Any CPU
		{9C423A82-BE20-47E2-B3B7-1BBF2C7632AA}.Debug|Any CPU.Build.0 = Debug|Any CPU
		{9C423A82-BE20-47E2-B3B7-1BBF2C7632AA}.Release|Any CPU.ActiveCfg = Release|Any CPU
		{9C423A82-BE20-47E2-B3B7-1BBF2C7632AA}.Release|Any CPU.Build.0 = Release|Any CPU
		{D0B7DB02-1015-412B-986F-31E309680FC2}.Debug|Any CPU.ActiveCfg = Debug|Any CPU
		{D0B7DB02-1015-412B-986F-31E309680FC2}.Debug|Any CPU.Build.0 = Debug|Any CPU
		{D0B7DB02-1015-412B-986F-31E309680FC2}.Release|Any CPU.ActiveCfg = Release|Any CPU
		{D0B7DB02-1015-412B-986F-31E309680FC2}.Release|Any CPU.Build.0 = Release|Any CPU
	EndGlobalSection
	GlobalSection(SolutionProperties) = preSolution
		HideSolutionNode = FALSE
	EndGlobalSection
	GlobalSection(ExtensibilityGlobals) = postSolution
		SolutionGuid = {7BD0646E-1EF0-4166-A1B4-8A274A3309CF}
	EndGlobalSection
EndGlobal
